# THIS IS AN AUTOGENERATED FILE. DO NOT EDIT THIS FILE DIRECTLY.
# yarn lockfile v1


"@types/ip@^1.1.0":
  version "1.1.0"
  resolved "https://registry.yarnpkg.com/@types/ip/-/ip-1.1.0.tgz#aec4f5bfd49e4a4c53b590d88c36eb078827a7c0"
  integrity sha512-dwNe8gOoF70VdL6WJBwVHtQmAX4RMd62M+mAB9HQFjG1/qiCLM/meRy95Pd14FYBbEDwCq7jgJs89cHpLBu4HQ==
  dependencies:
    "@types/node" "*"

"@types/node@*":
  version "18.0.4"
  resolved "https://registry.yarnpkg.com/@types/node/-/node-18.0.4.tgz#48aedbf35efb3af1248e4cd4d792c730290cd5d6"
  integrity sha512-M0+G6V0Y4YV8cqzHssZpaNCqvYwlCiulmm0PwpNLF55r/+cT8Ol42CHRU1SEaYFH2rTwiiE1aYg/2g2rrtGdPA==

ip@^1.1.8:
  version "1.1.8"
  resolved "https://registry.yarnpkg.com/ip/-/ip-1.1.8.tgz#ae05948f6b075435ed3307acce04629da8cdbf48"
  integrity sha512-PuExPYUiu6qMBQb4l06ecm6T6ujzhmh+MeJcW9wa89PoAz5pvd4zPgN5WJV104mb6S2T1AwNIAaB70JNrLQWhg==
